
Microsoft Visual Studio Solution File, Format Version 12.00
# Visual Studio Version 16
VisualStudioVersion = 16.0.29209.152
MinimumVisualStudioVersion = 10.0.40219.1
Project("{FAE04EC0-301F-11D3-BF4B-00C04F79EFBC}") = "WatermarkControlsDemo", "Demo\WatermarkControlsDemo.csproj", "{2B19B61D-4BC1-4D3E-8464-F0028BE8C767}"
EndProject
Project("{FAE04EC0-301F-11D3-BF4B-00C04F79EFBC}") = "WatermarkControlsLib", "Lib\WatermarkControlsLib.csproj", "{A9354A6B-50BE-44C0-9039-F46329108E1F}"
EndProject
Global
	GlobalSection(SolutionConfigurationPlatforms) = preSolution
		Debug|Any CPU = Debug|Any CPU
		Release|Any CPU = Release|Any CPU
	EndGlobalSection
	GlobalSection(ProjectConfigurationPlatforms) = postSolution
		{2B19B61D-4BC1-4D3E-8464-F0028BE8C767}.Debug|Any CPU.ActiveCfg = Debug|Any CPU
		{2B19B61D-4BC1-4D3E-8464-F0028BE8C767}.Debug|Any CPU.Build.0 = Debug|Any CPU
		{2B19B61D-4BC1-4D3E-8464-F0028BE8C767}.Release|Any CPU.ActiveCfg = Release|Any CPU
		{2B19B61D-4BC1-4D3E-8464-F0028BE8C767}.Release|Any CPU.Build.0 = Release|Any CPU
		{A9354A6B-50BE-44C0-9039-F46329108E1F}.Debug|Any CPU.ActiveCfg = Debug|Any CPU
		{A9354A6B-50BE-44C0-9039-F46329108E1F}.Debug|Any CPU.Build.0 = Debug|Any CPU
		{A9354A6B-50BE-44C0-9039-F46329108E1F}.Release|Any CPU.ActiveCfg = Release|Any CPU
		{A9354A6B-50BE-44C0-9039-F46329108E1F}.Release|Any CPU.Build.0 = Release|Any CPU
	EndGlobalSection
	GlobalSection(SolutionProperties) = preSolution
		HideSolutionNode = FALSE
	EndGlobalSection
	GlobalSection(ExtensibilityGlobals) = postSolution
		SolutionGuid = {DF40724A-8892-40DC-9F0F-C8AF9E16C90F}
	EndGlobalSection
EndGlobal
